{
  "version": 4,
  "terraform_version": "1.0.11",
  "serial": 18,
  "lineage": "bf6a7c78-f459-980b-a125-4d7a65be8629",
  "outputs": {},
  "resources": [
    {
      "mode": "managed",
      "type": "google_container_cluster",
      "name": "primary",
      "provider": "provider[\"registry.terraform.io/hashicorp/google\"]",
      "instances": [
        {
          "schema_version": 1,
          "attributes": {
            "addons_config": [
              {
                "cloudrun_config": [],
                "horizontal_pod_autoscaling": [],
                "http_load_balancing": [],
                "network_policy_config": [
                  {
                    "disabled": true
                  }
                ]
              }
            ],
            "authenticator_groups_config": [],
            "cluster_autoscaling": [
              {
                "auto_provisioning_defaults": [],
                "enabled": false,
                "resource_limits": []
              }
            ],
            "cluster_ipv4_cidr": "10.64.0.0/14",
            "confidential_nodes": [],
            "database_encryption": [
              {
                "key_name": "",
                "state": "DECRYPTED"
              }
            ],
            "datapath_provider": "",
            "default_max_pods_per_node": 110,
            "default_snat_status": [
              {
                "disabled": false
              }
            ],
            "description": "",
            "enable_autopilot": false,
            "enable_binary_authorization": false,
            "enable_intranode_visibility": false,
            "enable_kubernetes_alpha": false,
            "enable_legacy_abac": false,
            "enable_shielded_nodes": true,
            "enable_tpu": false,
            "endpoint": "34.82.2.241",
            "id": "projects/my-practice-project-54/locations/us-west1/clusters/my-gke-cluster",
            "initial_node_count": 1,
            "ip_allocation_policy": [
              {
                "cluster_ipv4_cidr_block": "10.64.0.0/14",
                "cluster_secondary_range_name": "gke-my-gke-cluster-pods-f1047858",
                "services_ipv4_cidr_block": "10.68.0.0/20",
                "services_secondary_range_name": "gke-my-gke-cluster-services-f1047858"
              }
            ],
            "label_fingerprint": "a9dc16a7",
            "location": "us-west1",
            "logging_config": [
              {
                "enable_components": [
                  "SYSTEM_COMPONENTS",
                  "WORKLOADS"
                ]
              }
            ],
            "logging_service": "logging.googleapis.com/kubernetes",
            "maintenance_policy": [],
            "master_auth": [
              {
                "client_certificate": "",
                "client_certificate_config": [
                  {
                    "issue_client_certificate": false
                  }
                ],
                "client_key": "",
                "cluster_ca_certificate": "LS0tLS1CRUdJTiBDRVJUSUZJQ0FURS0tLS0tCk1JSUVMRENDQXBTZ0F3SUJBZ0lRVkNaaEdGVTArVDRyejc1Z3VyNE45REFOQmdrcWhraUc5dzBCQVFzRkFEQXYKTVMwd0t3WURWUVFERXlRellUWTVZMll6TlMwd1lUazRMVFJoT1dZdE9EVm1PUzFtWm1VNU5UazRaalEyTmpVdwpJQmNOTWpFeE1qQTRNVFUwTnpReVdoZ1BNakExTVRFeU1ERXhOalEzTkRKYU1DOHhMVEFyQmdOVkJBTVRKRE5oCk5qbGpaak0xTFRCaE9UZ3ROR0U1WmkwNE5XWTVMV1ptWlRrMU9UaG1ORFkyTlRDQ0FhSXdEUVlKS29aSWh2Y04KQVFFQkJRQURnZ0dQQURDQ0FZb0NnZ0dCQU5NblFDM0ViTlhkSWVkd25sSWczNVdhdlowRlNJOXkwY3hsekhSawpSa1FvMlJMdXRDVkUzQW5rUXY5SlJlOWdUWm1lLzFoeVBKbjR3ajRzUnRtUVREWTFRd3E5RHZralFTQ0RGaCsyCmU0SHpCUHFDTFlqQXJBdUIyTGFzNGxIUVVCUzhRQ1NwM2svdHRpODhUQzMvdXc1M2FHV2psT0FOblp2a0xYVTAKb0tJTTNycHpYWnJWN0dFQmxGRW95bGxkRjJnOVJkZ0VOUUNlUGlVcjNsZ2FITDBvY2d1aStSaWdDakVULzZRTgpZUXlYUnRTZ0pWd2NlSDQzZXZYanloNG5ObVhZREFxem1abFFRajNEaFYwb0NBdVE4TkdVdUNMeGJEdFRmVGxFCkZFRTNtSWx6NjNuZU50V0g2ZGhneVZxWWF3a3lVR3BxRy9KNWdtckR5NkZlTXFRL1pDemtmZEZiaVJqYTZMQVIKL3BsWjB3WVYxL1Q2TjJSTVFXbkNJcUd1TlduMllSNkQ5ZjM2S2J3RVhYdGdnTkFDR3dUNVA4dlFOTlJBUFJPbwpTSWlxbG5vOUJIMVBnTG1EdlVGWWRVZGNsb3FXV25iRmdIK0dQc1ZtNHpoOU44T3pxbkJuY2lsUERqRjdxcWJICnVlWWlacENVdHhnaEM4OG9kaUhnRTluU1p3SURBUUFCbzBJd1FEQU9CZ05WSFE4QkFmOEVCQU1DQWdRd0R3WUQKVlIwVEFRSC9CQVV3QXdFQi96QWRCZ05WSFE0RUZnUVVoZGFHQ0kvV2NBOEh0cTluSC9adDRMeGhGUkF3RFFZSgpLb1pJaHZjTkFRRUxCUUFEZ2dHQkFMTUE2QnYxZHAxT2syNW9wQ2xmQU9mN3I4T1ViQkdZeUw3OTllOFZpWEZuCk1jYS9qQW96cDBqcWJBMjg1RitFdHhrcVkxdGRNakJwZVFGTnVZdEU1NzhoWU5IdzBNM3Y1ejkydkhqVjRiZEkKSTlDREgvN0NNRzFqL3ZPUTFGVlg4Y3hlYTNYL1RzVVhYNXZ0VmxjSWVKMUpWMGdPK3M3NUgrcGtQNElXVW54Rgo5LzJMMlIxZWNUREN4dDk5cUNVWUREbUlzMnAydmR2K3NOTHVOelRUSElWcEhsQXY1c0hqelFMS0FNS3NITUtqCkpXUkpZSjVBUzdpbm1UdFM2NVlxWFFjOUtqcDNJSUlmejQ4U3pmVERMUTBFam1xSmZYckU5TEJuWlFwaXZBV1UKSmVVUm8wRENwS1doSktZaHVJaVE1TFN5bGZSbW5mOTZJZmJ1dmpJTERFamlPb0o1blJPUnYrU211K3Vta1JoOApOV050VzNjd0ZiN3ZQcTZ6S2Y3SC9BYmdUNnhBRkxnZEt6ZE1qcTd2cjNmM1JvVDFmMEFTbDlEZmVwTmFQemRlCjdBaHB5V1U2UmJzejhJTHlGTmloK2hVdE42T092WVJiM09NVFFaY3grV3c0UzhTMjNSL2FDS2xtNHdvZXl0VWoKZ1dUNWZvc2pkdDdRL2RlRWZXYWFiQT09Ci0tLS0tRU5EIENFUlRJRklDQVRFLS0tLS0K"
              }
            ],
            "master_authorized_networks_config": [],
            "master_version": "1.21.5-gke.1302",
            "min_master_version": null,
            "monitoring_config": [
              {
                "enable_components": [
                  "SYSTEM_COMPONENTS"
                ]
              }
            ],
            "monitoring_service": "monitoring.googleapis.com/kubernetes",
            "name": "my-gke-cluster",
            "network": "projects/my-practice-project-54/global/networks/default",
            "network_policy": [
              {
                "enabled": false,
                "provider": "PROVIDER_UNSPECIFIED"
              }
            ],
            "networking_mode": "VPC_NATIVE",
            "node_config": [],
            "node_locations": [
              "us-west1-a",
              "us-west1-b",
              "us-west1-c"
            ],
            "node_pool": [],
            "node_version": "1.21.5-gke.1302",
            "operation": null,
            "private_cluster_config": [],
            "private_ipv6_google_access": "",
            "project": "my-practice-project-54",
            "release_channel": [
              {
                "channel": "REGULAR"
              }
            ],
            "remove_default_node_pool": true,
            "resource_labels": {},
            "resource_usage_export_config": [],
            "self_link": "https://container.googleapis.com/v1/projects/my-practice-project-54/locations/us-west1/clusters/my-gke-cluster",
            "services_ipv4_cidr": "10.68.0.0/20",
            "subnetwork": "projects/my-practice-project-54/regions/us-west1/subnetworks/default",
            "timeouts": null,
            "tpu_ipv4_cidr_block": "",
            "vertical_pod_autoscaling": [],
            "workload_identity_config": []
          },
          "sensitive_attributes": [],
          "private": "eyJlMmJmYjczMC1lY2FhLTExZTYtOGY4OC0zNDM2M2JjN2M0YzAiOnsiY3JlYXRlIjoyNDAwMDAwMDAwMDAwLCJkZWxldGUiOjI0MDAwMDAwMDAwMDAsInJlYWQiOjI0MDAwMDAwMDAwMDAsInVwZGF0ZSI6MzYwMDAwMDAwMDAwMH0sInNjaGVtYV92ZXJzaW9uIjoiMSJ9"
        }
      ]
    },
    {
      "mode": "managed",
      "type": "google_container_node_pool",
      "name": "primary_preemptible_nodes",
      "provider": "provider[\"registry.terraform.io/hashicorp/google\"]",
      "instances": [
        {
          "status": "tainted",
          "schema_version": 1,
          "attributes": {
            "autoscaling": [],
            "cluster": "my-gke-cluster",
            "id": "projects/my-practice-project-54/locations/us-west1/clusters/my-gke-cluster/nodePools/my-node-pool",
            "initial_node_count": null,
            "instance_group_urls": null,
            "location": "us-west1",
            "managed_instance_group_urls": null,
            "management": null,
            "max_pods_per_node": null,
            "name": "my-node-pool",
            "name_prefix": null,
            "node_config": [
              {
                "disk_size_gb": 0,
                "disk_type": "",
                "gcfs_config": [],
                "guest_accelerator": [],
                "image_type": "",
                "labels": {},
                "local_ssd_count": 0,
                "machine_type": "e2-medium",
                "metadata": {},
                "min_cpu_platform": "",
                "node_group": "",
                "oauth_scopes": [],
                "preemptible": false,
                "service_account": "",
                "shielded_instance_config": [],
                "tags": null,
                "taint": [],
                "workload_metadata_config": []
              }
            ],
            "node_count": 4,
            "node_locations": [],
            "operation": null,
            "project": null,
            "timeouts": null,
            "upgrade_settings": null,
            "version": null
          },
          "sensitive_attributes": [],
          "private": "eyJlMmJmYjczMC1lY2FhLTExZTYtOGY4OC0zNDM2M2JjN2M0YzAiOnsiY3JlYXRlIjoxODAwMDAwMDAwMDAwLCJkZWxldGUiOjE4MDAwMDAwMDAwMDAsInVwZGF0ZSI6MTgwMDAwMDAwMDAwMH0sInNjaGVtYV92ZXJzaW9uIjoiMSJ9",
          "dependencies": [
            "google_container_cluster.primary"
          ]
        }
      ]
    }
  ]
}
